
Microsoft Visual Studio Solution File, Format Version 12.00
# Visual Studio Version 17
VisualStudioVersion = 17.4.33213.308
MinimumVisualStudioVersion = 10.0.40219.1
Project("{FAE04EC0-301F-11D3-BF4B-00C04F79EFBC}") = "AngularAuthApi", "AngularAuthApi\AngularAuthApi.csproj", "{06918F3A-886A-467E-9F7D-1F17CEFEF533}"
EndProject
Global
	GlobalSection(SolutionConfigurationPlatforms) = preSolution
		Debug|Any CPU = Debug|Any CPU
		Release|Any CPU = Release|Any CPU
	EndGlobalSection
	GlobalSection(ProjectConfigurationPlatforms) = postSolution
		{06918F3A-886A-467E-9F7D-1F17CEFEF533}.Debug|Any CPU.ActiveCfg = Debug|Any CPU
		{06918F3A-886A-467E-9F7D-1F17CEFEF533}.Debug|Any CPU.Build.0 = Debug|Any CPU
		{06918F3A-886A-467E-9F7D-1F17CEFEF533}.Release|Any CPU.ActiveCfg = Release|Any CPU
		{06918F3A-886A-467E-9F7D-1F17CEFEF533}.Release|Any CPU.Build.0 = Release|Any CPU
	EndGlobalSection
	GlobalSection(SolutionProperties) = preSolution
		HideSolutionNode = FALSE
	EndGlobalSection
	GlobalSection(ExtensibilityGlobals) = postSolution
		SolutionGuid = {5F6B388D-FC2C-4C11-9196-5F0BF4480F12}
	EndGlobalSection
EndGlobal
